<?xml version="1.0" encoding="utf-8"?>
<Project ToolsVersion="4.0" xmlns="http://schemas.microsoft.com/developer/msbuild/2003">
  <ItemGroup>
    <Filter Include="SimpleCPP">
      <UniqueIdentifier>{edb6cd96-3cc0-4aec-935d-b1bd9e1566b6}</UniqueIdentifier>
    </Filter>
    <Filter Include="Exemple">
      <UniqueIdentifier>{853609b0-00f2-41ef-b8b3-59b30b654617}</UniqueIdentifier>
    </Filter>
    <Filter Include="SimpleCPP\Source">
      <UniqueIdentifier>{2a0bb3d4-ecf4-4167-b159-71b50c78ed44}</UniqueIdentifier>
    </Filter>
    <Filter Include="SimpleCPP\Header">
      <UniqueIdentifier>{e63426d9-cf71-44da-8b56-57946ca5a799}</UniqueIdentifier>
    </Filter>
  </ItemGroup>
  <ItemGroup>
    <ClInclude Include="simplecpp.h">
      <Filter>SimpleCPP</Filter>
    </ClInclude>
    <ClInclude Include="file_utils.h">
      <Filter>SimpleCPP\Header</Filter>
    </ClInclude>
    <ClInclude Include="math_utils.h">
      <Filter>SimpleCPP\Header</Filter>
    </ClInclude>
    <ClInclude Include="string_utils.h">
      <Filter>SimpleCPP\Header</Filter>
    </ClInclude>
    <ClInclude Include="error_utils.h">
      <Filter>SimpleCPP\Header</Filter>
    </ClInclude>
    <ClInclude Include="array_utils.h">
      <Filter>SimpleCPP\Header</Filter>
    </ClInclude>
    <ClInclude Include="memory_utils.h">
      <Filter>SimpleCPP\Header</Filter>
    </ClInclude>
    <ClInclude Include="network_utils.h">
      <Filter>SimpleCPP\Header</Filter>
    </ClInclude>
  </ItemGroup>
  <ItemGroup>
    <ClCompile Include="Exemple.cpp">
      <Filter>Exemple</Filter>
    </ClCompile>
    <ClCompile Include="simplecpp.cpp">
      <Filter>SimpleCPP</Filter>
    </ClCompile>
    <ClCompile Include="file_utils.cpp">
      <Filter>SimpleCPP\Source</Filter>
    </ClCompile>
    <ClCompile Include="math_utils.cpp">
      <Filter>SimpleCPP\Source</Filter>
    </ClCompile>
    <ClCompile Include="string_utils.cpp">
      <Filter>SimpleCPP\Source</Filter>
    </ClCompile>
    <ClCompile Include="error_utils.cpp">
      <Filter>SimpleCPP\Source</Filter>
    </ClCompile>
    <ClCompile Include="array_utils.cpp">
      <Filter>SimpleCPP\Source</Filter>
    </ClCompile>
    <ClCompile Include="network_utils.cpp">
      <Filter>SimpleCPP\Source</Filter>
    </ClCompile>
  </ItemGroup>
</Project>